{
    "_meta": {
        "hash": {
            "sha256": "4f651794f729fd776c98686f28144b77f5b12ffe8ae717fa2d0d92f81d89c789"
        },
        "pipfile-spec": 6,
        "requires": {
            "python_version": "3.8"
        },
        "sources": [
            {
                "name": "pypi",
                "url": "https://pypi.org/simple",
                "verify_ssl": true
            }
        ]
    },
    "default": {
        "grpcio": {
            "hashes": [
                "sha256:03522ca2b80cc83c407d6d5fa0f532fc5b0160f5861ab6628ae418218022f339",
                "sha256:0c07fc5a9fa73832bca228d9004dc0a511d1f1a890c8ff0fb6e78f7fa1b96d58",
                "sha256:5487948a33ded0577035fb9ad5c542463fabdb356d27fb6cf3eed0bed78f5228",
                "sha256:592b14bab2cf8a5ac6e0b1e763b10828dda55ae74e4a476102897a25d033d0b8",
                "sha256:6727633444344e14d499f81e41e87de29f42653a0c048c0fce780b29e2ffe563",
                "sha256:7aaa523dd5e91acb61d41232eef96192a66b1e8d85d79a55a204093dce50b696",
                "sha256:7e81d2cd63fbc77782b140d728a5444c09a7ef1ea99957c490b722e416671921",
                "sha256:89b96cb00db3e4c2f612ddff81b27afd2406bf697f0654dcd5ba7bed3d5b9322",
                "sha256:a26d32bdc1479c3983194ad380e4cc4bad379729fac4d4acbbda209658d65610",
                "sha256:b092361aed6a5ab201e750ccc2fc59250448107cb958c63194455fd5161f3dcc",
                "sha256:bef5ce5cfe622830da8b92420748e7f5719d208198d750eb497a74fa20da5907",
                "sha256:c0232401d096d9beb06d1af42cf3d65bcc790557712c8b0226809c27401dd455",
                "sha256:cf6e88dc0fc06e446c689304bae6cc15df0517f02ee2ac52bcef0cb893b3e9ba",
                "sha256:cfc2595325ac3bbd170293050a3ff0b5c8e3846d8498d9b2dedcd3063460c007",
                "sha256:d4d4eb072fa2c44a8fe22475874c13c2cc786dba587f633cd47720fb8fec922e",
                "sha256:d78d29295723493327c68aa39407ec44ed7a4ed326dde413cce57e2409683f68",
                "sha256:d829735b1862687074ef9df15f6c4fc1f3b27c0c80d4890ef985c039cdb256c6",
                "sha256:db2430e38a268e64c980e34a62b7f50365a4401172a2f5202ad05eb156e418da",
                "sha256:df3f75f88431da28b1c60a043f2a4f2e359287249baf317f4eda20626b34ce5d",
                "sha256:e1a648519db0de7bab3583dc2471f4c12ee3fc8a8c459e75da9e05ae70cf9ce7",
                "sha256:e35e4c0e5fe5f0fd8914a1630443f7272a752fb9d39c96771799a32056b06ab5",
                "sha256:e9b09fbae7bcc1b1791168665c29bcf37253f54d9d5e6bc8a533a9917912f1f6",
                "sha256:e9b9e67059c81f5b232991c573601856065562f010b655b3afd7ab38459ac321",
                "sha256:e9cf01192ed663a277b64bc559066b07a1355cd85b74cbca9353a25e8bd45544",
                "sha256:ef886f8c845ce7c011b2c154fd2b7998f920d145a2dfa121459e8df5b562a879",
                "sha256:efcf5ea73af68e110c375173495f36d9ed1e50bc88eeae1314f5573f750eecb9",
                "sha256:fc4deee5b4402c4bd37b3c7dbcde8903be89b9026af0f5777f63ae24069cafec"
            ],
            "index": "pypi",
            "version": "==1.11.0"
        },
        "protobuf": {
            "hashes": [
                "sha256:13ee7be3c2d9a5d2b42a1030976f760f28755fcf5863c55b1460fd205e6cd637",
                "sha256:145ce0af55c4259ca74993ddab3479c78af064002ec8227beb3d944405123c71",
                "sha256:14c1c9377a7ffbeaccd4722ab0aa900091f52b516ad89c4b0c3bb0a4af903ba5",
                "sha256:1556a1049ccec58c7855a78d27e5c6e70e95103b32de9142bae0576e9200a1b0",
                "sha256:26010f693b675ff5a1d0e1bdb17689b8b716a18709113288fead438703d45539",
                "sha256:2ae692bb6d1992afb6b74348e7bb648a75bb0d3565a3f5eea5bec8f62bd06d87",
                "sha256:2bfb815216a9cd9faec52b16fd2bfa68437a44b67c56bee59bc3926522ecb04e",
                "sha256:4ffbd23640bb7403574f7aff8368e2aeb2ec9a5c6306580be48ac59a6bac8bde",
                "sha256:59e5cf6b737c3a376932fbfb869043415f7c16a0cf176ab30a5bbc419cd709c1",
                "sha256:6902a1e4b7a319ec611a7345ff81b6b004b36b0d2196ce7a748b3493da3d226d",
                "sha256:6ce4d8bf0321e7b2d4395e253f8002a1a5ffbcfd7bcc0a6ba46712c07d47d0b4",
                "sha256:6d847c59963c03fd7a0cd7c488cadfa10cda4fff34d8bc8cba92935a91b7a037",
                "sha256:72804ea5eaa9c22a090d2803813e280fb273b62d5ae497aaf3553d141c4fdd7b",
                "sha256:7a4c97961e9e5b03a56f9a6c82742ed55375c4a25f2692b625d4087d02ed31b9",
                "sha256:85d6303e4adade2827e43c2b54114d9a6ea547b671cb63fafd5011dc47d0e13d",
                "sha256:8727ee027157516e2c311f218ebf2260a18088ffb2d29473e82add217d196b1c",
                "sha256:99938f2a2d7ca6563c0ade0c5ca8982264c484fdecf418bd68e880a7ab5730b1",
                "sha256:9b7a5c1022e0fa0dbde7fd03682d07d14624ad870ae52054849d8960f04bc764",
                "sha256:a22b3a0dbac6544dacbafd4c5f6a29e389a50e3b193e2c70dae6bbf7930f651d",
                "sha256:a38bac25f51c93e4be4092c88b2568b9f407c27217d3dd23c7a57fa522a17554",
                "sha256:a981222367fb4210a10a929ad5983ae93bd5a050a0824fc35d6371c07b78caf6",
                "sha256:ab6bb0e270c6c58e7ff4345b3a803cc59dbee19ddf77a4719c5b635f1d547aa8",
                "sha256:c56c050a947186ba51de4f94ab441d7f04fcd44c56df6e922369cc2e1a92d683",
                "sha256:e76d9686e088fece2450dbc7ee905f9be904e427341d289acbe9ad00b78ebd47",
                "sha256:ebcb546f10069b56dc2e3da35e003a02076aaa377caf8530fe9789570984a8d2",
                "sha256:f0e59430ee953184a703a324b8ec52f571c6c4259d496a19d1cabcdc19dabc62",
                "sha256:ffea251f5cd3c0b9b43c7a7a912777e0bc86263436a87c2555242a348817221b"
            ],
            "version": "==3.17.3"
        },
        "six": {
            "hashes": [
                "sha256:1e61c37477a1626458e36f7b1d82aa5c9b094fa4802892072e49de9c60c4c926",
                "sha256:8abb2f1d86890a2dfb989f9a77cfcfd3e47c2a354b01111771326f8aa26e0254"
            ],
            "markers": "python_version >= '2.7' and python_version not in '3.0, 3.1, 3.2'",
            "version": "==1.16.0"
        }
    },
    "develop": {}
}
